
Microsoft Visual Studio Solution File, Format Version 12.00
# Visual Studio 15
VisualStudioVersion = 15.0.28010.2016
MinimumVisualStudioVersion = 10.0.40219.1
Project("{FAE04EC0-301F-11D3-BF4B-00C04F79EFBC}") = "SixthPerformance", "SixthPerformance\SixthPerformance.csproj", "{04DC15C2-4599-4F01-8170-71267C290CD6}"
EndProject
Global
	GlobalSection(SolutionConfigurationPlatforms) = preSolution
		Debug|Any CPU = Debug|Any CPU
		Release|Any CPU = Release|Any CPU
	EndGlobalSection
	GlobalSection(ProjectConfigurationPlatforms) = postSolution
		{04DC15C2-4599-4F01-8170-71267C290CD6}.Debug|Any CPU.ActiveCfg = Debug|Any CPU
		{04DC15C2-4599-4F01-8170-71267C290CD6}.Debug|Any CPU.Build.0 = Debug|Any CPU
		{04DC15C2-4599-4F01-8170-71267C290CD6}.Release|Any CPU.ActiveCfg = Release|Any CPU
		{04DC15C2-4599-4F01-8170-71267C290CD6}.Release|Any CPU.Build.0 = Release|Any CPU
	EndGlobalSection
	GlobalSection(SolutionProperties) = preSolution
		HideSolutionNode = FALSE
	EndGlobalSection
	GlobalSection(ExtensibilityGlobals) = postSolution
		SolutionGuid = {776E3BD7-9785-4FFF-8A7E-32EEB0300BAD}
	EndGlobalSection
EndGlobal
